
Microsoft Visual Studio Solution File, Format Version 12.00
# Visual Studio 15
VisualStudioVersion = 15.0.27428.2015
MinimumVisualStudioVersion = 10.0.40219.1
Project("{FAE04EC0-301F-11D3-BF4B-00C04F79EFBC}") = "JoelWarren_CE06", "JoelWarren_CE06\JoelWarren_CE06.csproj", "{D9BCBB2B-2529-4354-BC3D-194577B9CBA4}"
EndProject
Global
	GlobalSection(SolutionConfigurationPlatforms) = preSolution
		Debug|Any CPU = Debug|Any CPU
		Release|Any CPU = Release|Any CPU
	EndGlobalSection
	GlobalSection(ProjectConfigurationPlatforms) = postSolution
		{D9BCBB2B-2529-4354-BC3D-194577B9CBA4}.Debug|Any CPU.ActiveCfg = Debug|Any CPU
		{D9BCBB2B-2529-4354-BC3D-194577B9CBA4}.Debug|Any CPU.Build.0 = Debug|Any CPU
		{D9BCBB2B-2529-4354-BC3D-194577B9CBA4}.Release|Any CPU.ActiveCfg = Release|Any CPU
		{D9BCBB2B-2529-4354-BC3D-194577B9CBA4}.Release|Any CPU.Build.0 = Release|Any CPU
	EndGlobalSection
	GlobalSection(SolutionProperties) = preSolution
		HideSolutionNode = FALSE
	EndGlobalSection
	GlobalSection(ExtensibilityGlobals) = postSolution
		SolutionGuid = {59A5F043-71E6-4097-A84C-E71D9A722400}
	EndGlobalSection
EndGlobal
