
Microsoft Visual Studio Solution File, Format Version 12.00
# Visual Studio 15
VisualStudioVersion = 15.0.27428.2015
MinimumVisualStudioVersion = 10.0.40219.1
Project("{FAE04EC0-301F-11D3-BF4B-00C04F79EFBC}") = "Warren_Joel_CountCart", "Warren_Joel_CountCart\Warren_Joel_CountCart.csproj", "{F6EC1D42-EBEC-41CB-A400-C1791D175EF3}"
EndProject
Global
	GlobalSection(SolutionConfigurationPlatforms) = preSolution
		Debug|Any CPU = Debug|Any CPU
		Release|Any CPU = Release|Any CPU
	EndGlobalSection
	GlobalSection(ProjectConfigurationPlatforms) = postSolution
		{F6EC1D42-EBEC-41CB-A400-C1791D175EF3}.Debug|Any CPU.ActiveCfg = Debug|Any CPU
		{F6EC1D42-EBEC-41CB-A400-C1791D175EF3}.Debug|Any CPU.Build.0 = Debug|Any CPU
		{F6EC1D42-EBEC-41CB-A400-C1791D175EF3}.Release|Any CPU.ActiveCfg = Release|Any CPU
		{F6EC1D42-EBEC-41CB-A400-C1791D175EF3}.Release|Any CPU.Build.0 = Release|Any CPU
	EndGlobalSection
	GlobalSection(SolutionProperties) = preSolution
		HideSolutionNode = FALSE
	EndGlobalSection
	GlobalSection(ExtensibilityGlobals) = postSolution
		SolutionGuid = {78CDA055-F32E-43D8-9605-FB924A89757E}
	EndGlobalSection
EndGlobal
