
Microsoft Visual Studio Solution File, Format Version 12.00
# Visual Studio 15
VisualStudioVersion = 15.0.27428.2015
MinimumVisualStudioVersion = 10.0.40219.1
Project("{FAE04EC0-301F-11D3-BF4B-00C04F79EFBC}") = "Warren_Joel_FindErrorsFunc", "Warren_Joel_FindErrorsFunc\Warren_Joel_FindErrorsFunc.csproj", "{1F5DDC03-C927-472C-9D3C-F857A5D0D687}"
EndProject
Global
	GlobalSection(SolutionConfigurationPlatforms) = preSolution
		Debug|Any CPU = Debug|Any CPU
		Release|Any CPU = Release|Any CPU
	EndGlobalSection
	GlobalSection(ProjectConfigurationPlatforms) = postSolution
		{1F5DDC03-C927-472C-9D3C-F857A5D0D687}.Debug|Any CPU.ActiveCfg = Debug|Any CPU
		{1F5DDC03-C927-472C-9D3C-F857A5D0D687}.Debug|Any CPU.Build.0 = Debug|Any CPU
		{1F5DDC03-C927-472C-9D3C-F857A5D0D687}.Release|Any CPU.ActiveCfg = Release|Any CPU
		{1F5DDC03-C927-472C-9D3C-F857A5D0D687}.Release|Any CPU.Build.0 = Release|Any CPU
	EndGlobalSection
	GlobalSection(SolutionProperties) = preSolution
		HideSolutionNode = FALSE
	EndGlobalSection
	GlobalSection(ExtensibilityGlobals) = postSolution
		SolutionGuid = {412B8736-5D3B-451B-9406-C6265136EF72}
	EndGlobalSection
EndGlobal
