
Microsoft Visual Studio Solution File, Format Version 12.00
# Visual Studio 15
VisualStudioVersion = 15.0.27428.2015
MinimumVisualStudioVersion = 10.0.40219.1
Project("{FAE04EC0-301F-11D3-BF4B-00C04F79EFBC}") = "DVP1.CE1", "DVP1.CE1\DVP1.CE1.csproj", "{9B9C9FF0-3AEB-45D6-BE15-CE45263226A0}"
EndProject
Global
	GlobalSection(SolutionConfigurationPlatforms) = preSolution
		Debug|Any CPU = Debug|Any CPU
		Release|Any CPU = Release|Any CPU
	EndGlobalSection
	GlobalSection(ProjectConfigurationPlatforms) = postSolution
		{9B9C9FF0-3AEB-45D6-BE15-CE45263226A0}.Debug|Any CPU.ActiveCfg = Debug|Any CPU
		{9B9C9FF0-3AEB-45D6-BE15-CE45263226A0}.Debug|Any CPU.Build.0 = Debug|Any CPU
		{9B9C9FF0-3AEB-45D6-BE15-CE45263226A0}.Release|Any CPU.ActiveCfg = Release|Any CPU
		{9B9C9FF0-3AEB-45D6-BE15-CE45263226A0}.Release|Any CPU.Build.0 = Release|Any CPU
	EndGlobalSection
	GlobalSection(SolutionProperties) = preSolution
		HideSolutionNode = FALSE
	EndGlobalSection
	GlobalSection(ExtensibilityGlobals) = postSolution
		SolutionGuid = {4D41611C-1490-45F8-B8C0-B95EEE0BF3C5}
	EndGlobalSection
EndGlobal
