
Microsoft Visual Studio Solution File, Format Version 12.00
# Visual Studio 15
VisualStudioVersion = 15.0.27428.2015
MinimumVisualStudioVersion = 10.0.40219.1
Project("{FAE04EC0-301F-11D3-BF4B-00C04F79EFBC}") = "Joel_Warren_CE04", "Joel_Warren_CE04\Joel_Warren_CE04.csproj", "{450DAB9B-A528-49DC-9379-31EF831C1CA9}"
EndProject
Global
	GlobalSection(SolutionConfigurationPlatforms) = preSolution
		Debug|Any CPU = Debug|Any CPU
		Release|Any CPU = Release|Any CPU
	EndGlobalSection
	GlobalSection(ProjectConfigurationPlatforms) = postSolution
		{450DAB9B-A528-49DC-9379-31EF831C1CA9}.Debug|Any CPU.ActiveCfg = Debug|Any CPU
		{450DAB9B-A528-49DC-9379-31EF831C1CA9}.Debug|Any CPU.Build.0 = Debug|Any CPU
		{450DAB9B-A528-49DC-9379-31EF831C1CA9}.Release|Any CPU.ActiveCfg = Release|Any CPU
		{450DAB9B-A528-49DC-9379-31EF831C1CA9}.Release|Any CPU.Build.0 = Release|Any CPU
	EndGlobalSection
	GlobalSection(SolutionProperties) = preSolution
		HideSolutionNode = FALSE
	EndGlobalSection
	GlobalSection(ExtensibilityGlobals) = postSolution
		SolutionGuid = {F78C00C8-FA8C-4709-983E-6CDE8A9E840B}
	EndGlobalSection
EndGlobal
