
Microsoft Visual Studio Solution File, Format Version 12.00
# Visual Studio 15
VisualStudioVersion = 15.0.27428.2015
MinimumVisualStudioVersion = 10.0.40219.1
Project("{FAE04EC0-301F-11D3-BF4B-00C04F79EFBC}") = "Warren_Joel_Methods", "Warren_Joel_Methods\Warren_Joel_Methods.csproj", "{9847FDDF-514B-4DF1-9BC6-A8BDA36552E3}"
EndProject
Global
	GlobalSection(SolutionConfigurationPlatforms) = preSolution
		Debug|Any CPU = Debug|Any CPU
		Release|Any CPU = Release|Any CPU
	EndGlobalSection
	GlobalSection(ProjectConfigurationPlatforms) = postSolution
		{9847FDDF-514B-4DF1-9BC6-A8BDA36552E3}.Debug|Any CPU.ActiveCfg = Debug|Any CPU
		{9847FDDF-514B-4DF1-9BC6-A8BDA36552E3}.Debug|Any CPU.Build.0 = Debug|Any CPU
		{9847FDDF-514B-4DF1-9BC6-A8BDA36552E3}.Release|Any CPU.ActiveCfg = Release|Any CPU
		{9847FDDF-514B-4DF1-9BC6-A8BDA36552E3}.Release|Any CPU.Build.0 = Release|Any CPU
	EndGlobalSection
	GlobalSection(SolutionProperties) = preSolution
		HideSolutionNode = FALSE
	EndGlobalSection
	GlobalSection(ExtensibilityGlobals) = postSolution
		SolutionGuid = {1FE02CA0-2230-410B-A896-D24B8BF32736}
	EndGlobalSection
EndGlobal
